
Microsoft Visual Studio Solution File, Format Version 11.00
# Visual Studio 2010
Project("{FAE04EC0-301F-11D3-BF4B-00C04F79EFBC}") = "LLK_Sample", "LLK_Sample\LLK_Sample.csproj", "{64E135E9-D71C-4A92-8799-0A1193C694A4}"
EndProject
Global
	GlobalSection(SolutionConfigurationPlatforms) = preSolution
		Debug|Windows Phone = Debug|Windows Phone
		Release|Windows Phone = Release|Windows Phone
	EndGlobalSection
	GlobalSection(ProjectConfigurationPlatforms) = postSolution
		{64E135E9-D71C-4A92-8799-0A1193C694A4}.Debug|Windows Phone.ActiveCfg = Debug|Windows Phone
		{64E135E9-D71C-4A92-8799-0A1193C694A4}.Debug|Windows Phone.Build.0 = Debug|Windows Phone
		{64E135E9-D71C-4A92-8799-0A1193C694A4}.Debug|Windows Phone.Deploy.0 = Debug|Windows Phone
		{64E135E9-D71C-4A92-8799-0A1193C694A4}.Release|Windows Phone.ActiveCfg = Release|Windows Phone
		{64E135E9-D71C-4A92-8799-0A1193C694A4}.Release|Windows Phone.Build.0 = Release|Windows Phone
		{64E135E9-D71C-4A92-8799-0A1193C694A4}.Release|Windows Phone.Deploy.0 = Release|Windows Phone
	EndGlobalSection
	GlobalSection(SolutionProperties) = preSolution
		HideSolutionNode = FALSE
	EndGlobalSection
EndGlobal
