
Microsoft Visual Studio Solution File, Format Version 11.00
# Visual Studio 2010
Project("{FAE04EC0-301F-11D3-BF4B-00C04F79EFBC}") = "AVGTest", "AVGTest\AVGTest.csproj", "{0A7E58BD-4E23-4DC9-9ED3-2DAC689DA080}"
EndProject
Global
	GlobalSection(SolutionConfigurationPlatforms) = preSolution
		Debug|Windows Phone = Debug|Windows Phone
		Release|Windows Phone = Release|Windows Phone
	EndGlobalSection
	GlobalSection(ProjectConfigurationPlatforms) = postSolution
		{0A7E58BD-4E23-4DC9-9ED3-2DAC689DA080}.Debug|Windows Phone.ActiveCfg = Debug|Windows Phone
		{0A7E58BD-4E23-4DC9-9ED3-2DAC689DA080}.Debug|Windows Phone.Build.0 = Debug|Windows Phone
		{0A7E58BD-4E23-4DC9-9ED3-2DAC689DA080}.Debug|Windows Phone.Deploy.0 = Debug|Windows Phone
		{0A7E58BD-4E23-4DC9-9ED3-2DAC689DA080}.Release|Windows Phone.ActiveCfg = Release|Windows Phone
		{0A7E58BD-4E23-4DC9-9ED3-2DAC689DA080}.Release|Windows Phone.Build.0 = Release|Windows Phone
		{0A7E58BD-4E23-4DC9-9ED3-2DAC689DA080}.Release|Windows Phone.Deploy.0 = Release|Windows Phone
	EndGlobalSection
	GlobalSection(SolutionProperties) = preSolution
		HideSolutionNode = FALSE
	EndGlobalSection
EndGlobal
