
Microsoft Visual Studio Solution File, Format Version 11.00
# Visual Studio 2010
Project("{FAE04EC0-301F-11D3-BF4B-00C04F79EFBC}") = "Silverlight+XNA-Test", "Silverlight+XNA-Test\Silverlight+XNA-Test\Silverlight+XNA-Test.csproj", "{0C61FE2F-5421-4767-B013-60FCC87CB2EC}"
EndProject
Project("{96E2B04D-8817-42C6-938A-82C39BA4D311}") = "Silverlight+XNA-TestLibContent", "Silverlight+XNA-Test\Silverlight+XNA-TestLibContent\Silverlight+XNA-TestLibContent.contentproj", "{7D319ABA-563C-4DFD-A40F-892858720C95}"
EndProject
Global
	GlobalSection(SolutionConfigurationPlatforms) = preSolution
		Debug|Any CPU = Debug|Any CPU
		Debug|Mixed Platforms = Debug|Mixed Platforms
		Debug|Windows Phone = Debug|Windows Phone
		Release|Any CPU = Release|Any CPU
		Release|Mixed Platforms = Release|Mixed Platforms
		Release|Windows Phone = Release|Windows Phone
	EndGlobalSection
	GlobalSection(ProjectConfigurationPlatforms) = postSolution
		{0C61FE2F-5421-4767-B013-60FCC87CB2EC}.Debug|Any CPU.ActiveCfg = Debug|Any CPU
		{0C61FE2F-5421-4767-B013-60FCC87CB2EC}.Debug|Any CPU.Build.0 = Debug|Any CPU
		{0C61FE2F-5421-4767-B013-60FCC87CB2EC}.Debug|Any CPU.Deploy.0 = Debug|Any CPU
		{0C61FE2F-5421-4767-B013-60FCC87CB2EC}.Debug|Mixed Platforms.ActiveCfg = Debug|Any CPU
		{0C61FE2F-5421-4767-B013-60FCC87CB2EC}.Debug|Mixed Platforms.Build.0 = Debug|Any CPU
		{0C61FE2F-5421-4767-B013-60FCC87CB2EC}.Debug|Mixed Platforms.Deploy.0 = Debug|Any CPU
		{0C61FE2F-5421-4767-B013-60FCC87CB2EC}.Debug|Windows Phone.ActiveCfg = Debug|Any CPU
		{0C61FE2F-5421-4767-B013-60FCC87CB2EC}.Release|Any CPU.ActiveCfg = Release|Any CPU
		{0C61FE2F-5421-4767-B013-60FCC87CB2EC}.Release|Any CPU.Build.0 = Release|Any CPU
		{0C61FE2F-5421-4767-B013-60FCC87CB2EC}.Release|Any CPU.Deploy.0 = Release|Any CPU
		{0C61FE2F-5421-4767-B013-60FCC87CB2EC}.Release|Mixed Platforms.ActiveCfg = Release|Any CPU
		{0C61FE2F-5421-4767-B013-60FCC87CB2EC}.Release|Mixed Platforms.Build.0 = Release|Any CPU
		{0C61FE2F-5421-4767-B013-60FCC87CB2EC}.Release|Mixed Platforms.Deploy.0 = Release|Any CPU
		{0C61FE2F-5421-4767-B013-60FCC87CB2EC}.Release|Windows Phone.ActiveCfg = Release|Any CPU
		{7D319ABA-563C-4DFD-A40F-892858720C95}.Debug|Any CPU.ActiveCfg = Debug|Windows Phone
		{7D319ABA-563C-4DFD-A40F-892858720C95}.Debug|Mixed Platforms.ActiveCfg = Debug|Windows Phone
		{7D319ABA-563C-4DFD-A40F-892858720C95}.Debug|Windows Phone.ActiveCfg = Debug|Windows Phone
		{7D319ABA-563C-4DFD-A40F-892858720C95}.Release|Any CPU.ActiveCfg = Release|Windows Phone
		{7D319ABA-563C-4DFD-A40F-892858720C95}.Release|Mixed Platforms.ActiveCfg = Release|Windows Phone
		{7D319ABA-563C-4DFD-A40F-892858720C95}.Release|Windows Phone.ActiveCfg = Release|Windows Phone
	EndGlobalSection
	GlobalSection(SolutionProperties) = preSolution
		HideSolutionNode = FALSE
	EndGlobalSection
EndGlobal
