
Microsoft Visual Studio Solution File, Format Version 11.00
# Visual Studio 2010
Project("{FAE04EC0-301F-11D3-BF4B-00C04F79EFBC}") = "AdRotatorExampleXNA", "AdRotatorExampleXNA\AdRotatorExampleXNA.csproj", "{AED3F199-D8DC-42A9-9D83-700B68BC58A3}"
EndProject
Project("{FAE04EC0-301F-11D3-BF4B-00C04F79EFBC}") = "AdRotatorExampleXNAContent", "AdRotatorExampleXNAContent\AdRotatorExampleXNAContent.contentproj", "{FE943919-7A28-446D-831E-341DCE3FD71A}"
EndProject
Global
	GlobalSection(SolutionConfigurationPlatforms) = preSolution
		Debug|Windows Phone = Debug|Windows Phone
		Release|Windows Phone = Release|Windows Phone
	EndGlobalSection
	GlobalSection(ProjectConfigurationPlatforms) = postSolution
		{AED3F199-D8DC-42A9-9D83-700B68BC58A3}.Debug|Windows Phone.ActiveCfg = Debug|Windows Phone
		{AED3F199-D8DC-42A9-9D83-700B68BC58A3}.Debug|Windows Phone.Build.0 = Debug|Windows Phone
		{AED3F199-D8DC-42A9-9D83-700B68BC58A3}.Debug|Windows Phone.Deploy.0 = Debug|Windows Phone
		{AED3F199-D8DC-42A9-9D83-700B68BC58A3}.Release|Windows Phone.ActiveCfg = Release|Windows Phone
		{AED3F199-D8DC-42A9-9D83-700B68BC58A3}.Release|Windows Phone.Build.0 = Release|Windows Phone
		{AED3F199-D8DC-42A9-9D83-700B68BC58A3}.Release|Windows Phone.Deploy.0 = Release|Windows Phone
		{FE943919-7A28-446D-831E-341DCE3FD71A}.Debug|Windows Phone.ActiveCfg = Debug|Windows Phone
		{FE943919-7A28-446D-831E-341DCE3FD71A}.Release|Windows Phone.ActiveCfg = Release|Windows Phone
	EndGlobalSection
	GlobalSection(SolutionProperties) = preSolution
		HideSolutionNode = FALSE
	EndGlobalSection
EndGlobal
